
Microsoft Visual Studio Solution File, Format Version 12.00
# Visual Studio 2012
Project("{FAE04EC0-301F-11D3-BF4B-00C04F79EFBC}") = "TheMovieDb", "TheMovieDb\TheMovieDb.csproj", "{42AE75D2-719C-41A0-91E1-7208EF1B505B}"
EndProject
Project("{FAE04EC0-301F-11D3-BF4B-00C04F79EFBC}") = "TheMovieDb.Playground", "TheMovieDb.Playground\TheMovieDb.Playground.csproj", "{A4747E7E-AD6A-4733-804F-9DF06B0F3DC0}"
EndProject
Global
	GlobalSection(SolutionConfigurationPlatforms) = preSolution
		Debug|Any CPU = Debug|Any CPU
		Release|Any CPU = Release|Any CPU
	EndGlobalSection
	GlobalSection(ProjectConfigurationPlatforms) = postSolution
		{42AE75D2-719C-41A0-91E1-7208EF1B505B}.Debug|Any CPU.ActiveCfg = Debug|Any CPU
		{42AE75D2-719C-41A0-91E1-7208EF1B505B}.Debug|Any CPU.Build.0 = Debug|Any CPU
		{42AE75D2-719C-41A0-91E1-7208EF1B505B}.Release|Any CPU.ActiveCfg = Release|Any CPU
		{42AE75D2-719C-41A0-91E1-7208EF1B505B}.Release|Any CPU.Build.0 = Release|Any CPU
		{A4747E7E-AD6A-4733-804F-9DF06B0F3DC0}.Debug|Any CPU.ActiveCfg = Debug|Any CPU
		{A4747E7E-AD6A-4733-804F-9DF06B0F3DC0}.Debug|Any CPU.Build.0 = Debug|Any CPU
		{A4747E7E-AD6A-4733-804F-9DF06B0F3DC0}.Release|Any CPU.ActiveCfg = Release|Any CPU
		{A4747E7E-AD6A-4733-804F-9DF06B0F3DC0}.Release|Any CPU.Build.0 = Release|Any CPU
	EndGlobalSection
EndGlobal
